
Microsoft Visual Studio Solution File, Format Version 12.00
# Visual Studio Version 16
VisualStudioVersion = 16.0.30711.63
MinimumVisualStudioVersion = 10.0.40219.1
Project("{2150E333-8FDC-42A3-9474-1A3956D46DE8}") = "Services", "Services", "{845C58EC-798D-43D8-999C-0426A90873A4}"
EndProject
Project("{2150E333-8FDC-42A3-9474-1A3956D46DE8}") = "Catalog", "Catalog", "{14D7D118-30C8-48E2-979E-33280E6FAB96}"
EndProject
Project("{9A19103F-16F7-4668-BE54-9A1E7A4F7556}") = "FreeCourse.Services.Catalog", "Services\Catalog\FreeCourse.Services.Catalog\FreeCourse.Services.Catalog.csproj", "{AE42859D-1302-4EAD-91AE-FD6E4C0F9EF6}"
EndProject
Project("{2150E333-8FDC-42A3-9474-1A3956D46DE8}") = "Solution Items", "Solution Items", "{E0D2E9CC-1FBB-4927-AAA9-B9DA4BDE6637}"
	ProjectSection(SolutionItems) = preProject
		Ports.txt = Ports.txt
	EndProjectSection
EndProject
Project("{2150E333-8FDC-42A3-9474-1A3956D46DE8}") = "Shared", "Shared", "{5AFE8AE9-1F3F-4389-A08F-5EBE92FC8141}"
EndProject
Project("{9A19103F-16F7-4668-BE54-9A1E7A4F7556}") = "FreeCourse.Shared", "Shared\FreeCourse.Shared\FreeCourse.Shared.csproj", "{A2DCB7BA-C8EA-416A-A4CA-5EC8A1986A69}"
EndProject
Project("{2150E333-8FDC-42A3-9474-1A3956D46DE8}") = "IdentityServer", "IdentityServer", "{A63A9D0E-49B2-4896-8307-16C643DB1467}"
EndProject
Project("{9A19103F-16F7-4668-BE54-9A1E7A4F7556}") = "FreeCourse.IdentityServer", "IdentityServer\FreeCourse.IdentityServer\FreeCourse.IdentityServer.csproj", "{1C2A5A2E-BA8E-4527-A81E-72A693A2D692}"
EndProject
Project("{2150E333-8FDC-42A3-9474-1A3956D46DE8}") = "PhotoStock", "PhotoStock", "{20EFA363-9DED-4ECD-B954-A9A9995E29F2}"
EndProject
Project("{9A19103F-16F7-4668-BE54-9A1E7A4F7556}") = "FreeCourse.Services.PhotoStock", "Services\PhotoStock\FreeCourse.Services.PhotoStock\FreeCourse.Services.PhotoStock.csproj", "{566247E0-7882-471A-BAC6-18B15E745CC4}"
EndProject
Project("{2150E333-8FDC-42A3-9474-1A3956D46DE8}") = "Basket", "Basket", "{C49BE542-5D20-4BF2-93CC-4B814F48A5DD}"
EndProject
Project("{9A19103F-16F7-4668-BE54-9A1E7A4F7556}") = "FreeCourse.Services.Basket", "Services\Basket\FreeCourse.Services.Basket\FreeCourse.Services.Basket.csproj", "{CBF1611E-C9D5-4C0C-A624-43D6D1E446EF}"
EndProject
Project("{2150E333-8FDC-42A3-9474-1A3956D46DE8}") = "Discount", "Discount", "{6EAC5E72-40E4-4472-B731-DCD5DD4ECE0F}"
EndProject
Project("{9A19103F-16F7-4668-BE54-9A1E7A4F7556}") = "FreeCourse.Services.Discount", "Services\Discount\FreeCourse.Services.Discount\FreeCourse.Services.Discount.csproj", "{991DBD14-8E7E-4F2B-8AA8-1EA0550BF193}"
EndProject
Project("{2150E333-8FDC-42A3-9474-1A3956D46DE8}") = "Order", "Order", "{376105FC-9052-45C5-860E-D9C8388360FD}"
EndProject
Project("{9A19103F-16F7-4668-BE54-9A1E7A4F7556}") = "FreeCourse.Services.Order.API", "Services\Order\FreeCourse.Services.Order.API\FreeCourse.Services.Order.API.csproj", "{C87C4537-D672-4958-A52A-2A463EFB6872}"
EndProject
Project("{9A19103F-16F7-4668-BE54-9A1E7A4F7556}") = "FreeCourse.Services.Order.Application", "Services\Order\FreeCourse.Services.Order.Application\FreeCourse.Services.Order.Application.csproj", "{6CFE77C7-BE7A-4630-9111-DA824395561C}"
EndProject
Project("{9A19103F-16F7-4668-BE54-9A1E7A4F7556}") = "FreeCourse.Services.Order.Domain", "Services\Order\FreeCourse.Services.Order.Domain\FreeCourse.Services.Order.Domain.csproj", "{BC806A33-D7E4-48C8-87EE-524A72217276}"
EndProject
Project("{9A19103F-16F7-4668-BE54-9A1E7A4F7556}") = "FreeCourse.Services.Order.Domain.Core", "Services\Order\FreeCourse.Services.Order.Domain.Core\FreeCourse.Services.Order.Domain.Core.csproj", "{BF95BB13-8ADB-41C8-BC0D-0B9829486CB2}"
EndProject
Project("{9A19103F-16F7-4668-BE54-9A1E7A4F7556}") = "FreeCourse.Services.Order.Infastructure", "Services\Order\FreeCourse.Services.Order.Infastructure\FreeCourse.Services.Order.Infastructure.csproj", "{43BEC878-FD59-4DC5-BF94-2F52CBD1CCC0}"
EndProject
Project("{2150E333-8FDC-42A3-9474-1A3956D46DE8}") = "Gateways", "Gateways", "{FB855579-E06A-4F46-8988-BE7B24FB7AC6}"
EndProject
Project("{9A19103F-16F7-4668-BE54-9A1E7A4F7556}") = "FreeCourse.Gateway", "Gateways\FreeCourse.Gateway\FreeCourse.Gateway.csproj", "{807CC7A0-D12D-4B82-867C-E5002FFD25C4}"
EndProject
Project("{2150E333-8FDC-42A3-9474-1A3956D46DE8}") = "FakePayment", "FakePayment", "{69DF1F2A-68E9-449B-9BC4-4A192EF217D3}"
EndProject
Project("{9A19103F-16F7-4668-BE54-9A1E7A4F7556}") = "FreeCourse.Services.FakePayment", "Services\FakePayment\FreeCourse.Services.FakePayment\FreeCourse.Services.FakePayment.csproj", "{9FF67D0D-4E39-43BD-B996-F27C1D37AFCF}"
EndProject
Project("{2150E333-8FDC-42A3-9474-1A3956D46DE8}") = "Frontends", "Frontends", "{1BF41DC0-0762-4F2F-BB84-4C538BD35DFD}"
EndProject
Project("{FAE04EC0-301F-11D3-BF4B-00C04F79EFBC}") = "FreeCourse.Web", "Frontends\FreeCourse.Web\FreeCourse.Web.csproj", "{02DEF361-C88F-420C-86EC-7E5E81CB1512}"
EndProject
Global
	GlobalSection(SolutionConfigurationPlatforms) = preSolution
		Debug|Any CPU = Debug|Any CPU
		Release|Any CPU = Release|Any CPU
	EndGlobalSection
	GlobalSection(ProjectConfigurationPlatforms) = postSolution
		{AE42859D-1302-4EAD-91AE-FD6E4C0F9EF6}.Debug|Any CPU.ActiveCfg = Debug|Any CPU
		{AE42859D-1302-4EAD-91AE-FD6E4C0F9EF6}.Debug|Any CPU.Build.0 = Debug|Any CPU
		{AE42859D-1302-4EAD-91AE-FD6E4C0F9EF6}.Release|Any CPU.ActiveCfg = Release|Any CPU
		{AE42859D-1302-4EAD-91AE-FD6E4C0F9EF6}.Release|Any CPU.Build.0 = Release|Any CPU
		{A2DCB7BA-C8EA-416A-A4CA-5EC8A1986A69}.Debug|Any CPU.ActiveCfg = Debug|Any CPU
		{A2DCB7BA-C8EA-416A-A4CA-5EC8A1986A69}.Debug|Any CPU.Build.0 = Debug|Any CPU
		{A2DCB7BA-C8EA-416A-A4CA-5EC8A1986A69}.Release|Any CPU.ActiveCfg = Release|Any CPU
		{A2DCB7BA-C8EA-416A-A4CA-5EC8A1986A69}.Release|Any CPU.Build.0 = Release|Any CPU
		{1C2A5A2E-BA8E-4527-A81E-72A693A2D692}.Debug|Any CPU.ActiveCfg = Debug|Any CPU
		{1C2A5A2E-BA8E-4527-A81E-72A693A2D692}.Debug|Any CPU.Build.0 = Debug|Any CPU
		{1C2A5A2E-BA8E-4527-A81E-72A693A2D692}.Release|Any CPU.ActiveCfg = Release|Any CPU
		{1C2A5A2E-BA8E-4527-A81E-72A693A2D692}.Release|Any CPU.Build.0 = Release|Any CPU
		{566247E0-7882-471A-BAC6-18B15E745CC4}.Debug|Any CPU.ActiveCfg = Debug|Any CPU
		{566247E0-7882-471A-BAC6-18B15E745CC4}.Debug|Any CPU.Build.0 = Debug|Any CPU
		{566247E0-7882-471A-BAC6-18B15E745CC4}.Release|Any CPU.ActiveCfg = Release|Any CPU
		{566247E0-7882-471A-BAC6-18B15E745CC4}.Release|Any CPU.Build.0 = Release|Any CPU
		{CBF1611E-C9D5-4C0C-A624-43D6D1E446EF}.Debug|Any CPU.ActiveCfg = Debug|Any CPU
		{CBF1611E-C9D5-4C0C-A624-43D6D1E446EF}.Debug|Any CPU.Build.0 = Debug|Any CPU
		{CBF1611E-C9D5-4C0C-A624-43D6D1E446EF}.Release|Any CPU.ActiveCfg = Release|Any CPU
		{CBF1611E-C9D5-4C0C-A624-43D6D1E446EF}.Release|Any CPU.Build.0 = Release|Any CPU
		{991DBD14-8E7E-4F2B-8AA8-1EA0550BF193}.Debug|Any CPU.ActiveCfg = Debug|Any CPU
		{991DBD14-8E7E-4F2B-8AA8-1EA0550BF193}.Debug|Any CPU.Build.0 = Debug|Any CPU
		{991DBD14-8E7E-4F2B-8AA8-1EA0550BF193}.Release|Any CPU.ActiveCfg = Release|Any CPU
		{991DBD14-8E7E-4F2B-8AA8-1EA0550BF193}.Release|Any CPU.Build.0 = Release|Any CPU
		{C87C4537-D672-4958-A52A-2A463EFB6872}.Debug|Any CPU.ActiveCfg = Debug|Any CPU
		{C87C4537-D672-4958-A52A-2A463EFB6872}.Debug|Any CPU.Build.0 = Debug|Any CPU
		{C87C4537-D672-4958-A52A-2A463EFB6872}.Release|Any CPU.ActiveCfg = Release|Any CPU
		{C87C4537-D672-4958-A52A-2A463EFB6872}.Release|Any CPU.Build.0 = Release|Any CPU
		{6CFE77C7-BE7A-4630-9111-DA824395561C}.Debug|Any CPU.ActiveCfg = Debug|Any CPU
		{6CFE77C7-BE7A-4630-9111-DA824395561C}.Debug|Any CPU.Build.0 = Debug|Any CPU
		{6CFE77C7-BE7A-4630-9111-DA824395561C}.Release|Any CPU.ActiveCfg = Release|Any CPU
		{6CFE77C7-BE7A-4630-9111-DA824395561C}.Release|Any CPU.Build.0 = Release|Any CPU
		{BC806A33-D7E4-48C8-87EE-524A72217276}.Debug|Any CPU.ActiveCfg = Debug|Any CPU
		{BC806A33-D7E4-48C8-87EE-524A72217276}.Debug|Any CPU.Build.0 = Debug|Any CPU
		{BC806A33-D7E4-48C8-87EE-524A72217276}.Release|Any CPU.ActiveCfg = Release|Any CPU
		{BC806A33-D7E4-48C8-87EE-524A72217276}.Release|Any CPU.Build.0 = Release|Any CPU
		{BF95BB13-8ADB-41C8-BC0D-0B9829486CB2}.Debug|Any CPU.ActiveCfg = Debug|Any CPU
		{BF95BB13-8ADB-41C8-BC0D-0B9829486CB2}.Debug|Any CPU.Build.0 = Debug|Any CPU
		{BF95BB13-8ADB-41C8-BC0D-0B9829486CB2}.Release|Any CPU.ActiveCfg = Release|Any CPU
		{BF95BB13-8ADB-41C8-BC0D-0B9829486CB2}.Release|Any CPU.Build.0 = Release|Any CPU
		{43BEC878-FD59-4DC5-BF94-2F52CBD1CCC0}.Debug|Any CPU.ActiveCfg = Debug|Any CPU
		{43BEC878-FD59-4DC5-BF94-2F52CBD1CCC0}.Debug|Any CPU.Build.0 = Debug|Any CPU
		{43BEC878-FD59-4DC5-BF94-2F52CBD1CCC0}.Release|Any CPU.ActiveCfg = Release|Any CPU
		{43BEC878-FD59-4DC5-BF94-2F52CBD1CCC0}.Release|Any CPU.Build.0 = Release|Any CPU
		{807CC7A0-D12D-4B82-867C-E5002FFD25C4}.Debug|Any CPU.ActiveCfg = Debug|Any CPU
		{807CC7A0-D12D-4B82-867C-E5002FFD25C4}.Debug|Any CPU.Build.0 = Debug|Any CPU
		{807CC7A0-D12D-4B82-867C-E5002FFD25C4}.Release|Any CPU.ActiveCfg = Release|Any CPU
		{807CC7A0-D12D-4B82-867C-E5002FFD25C4}.Release|Any CPU.Build.0 = Release|Any CPU
		{9FF67D0D-4E39-43BD-B996-F27C1D37AFCF}.Debug|Any CPU.ActiveCfg = Debug|Any CPU
		{9FF67D0D-4E39-43BD-B996-F27C1D37AFCF}.Debug|Any CPU.Build.0 = Debug|Any CPU
		{9FF67D0D-4E39-43BD-B996-F27C1D37AFCF}.Release|Any CPU.ActiveCfg = Release|Any CPU
		{9FF67D0D-4E39-43BD-B996-F27C1D37AFCF}.Release|Any CPU.Build.0 = Release|Any CPU
		{02DEF361-C88F-420C-86EC-7E5E81CB1512}.Debug|Any CPU.ActiveCfg = Debug|Any CPU
		{02DEF361-C88F-420C-86EC-7E5E81CB1512}.Debug|Any CPU.Build.0 = Debug|Any CPU
		{02DEF361-C88F-420C-86EC-7E5E81CB1512}.Release|Any CPU.ActiveCfg = Release|Any CPU
		{02DEF361-C88F-420C-86EC-7E5E81CB1512}.Release|Any CPU.Build.0 = Release|Any CPU
	EndGlobalSection
	GlobalSection(SolutionProperties) = preSolution
		HideSolutionNode = FALSE
	EndGlobalSection
	GlobalSection(NestedProjects) = preSolution
		{14D7D118-30C8-48E2-979E-33280E6FAB96} = {845C58EC-798D-43D8-999C-0426A90873A4}
		{AE42859D-1302-4EAD-91AE-FD6E4C0F9EF6} = {14D7D118-30C8-48E2-979E-33280E6FAB96}
		{A2DCB7BA-C8EA-416A-A4CA-5EC8A1986A69} = {5AFE8AE9-1F3F-4389-A08F-5EBE92FC8141}
		{1C2A5A2E-BA8E-4527-A81E-72A693A2D692} = {A63A9D0E-49B2-4896-8307-16C643DB1467}
		{20EFA363-9DED-4ECD-B954-A9A9995E29F2} = {845C58EC-798D-43D8-999C-0426A90873A4}
		{566247E0-7882-471A-BAC6-18B15E745CC4} = {20EFA363-9DED-4ECD-B954-A9A9995E29F2}
		{C49BE542-5D20-4BF2-93CC-4B814F48A5DD} = {845C58EC-798D-43D8-999C-0426A90873A4}
		{CBF1611E-C9D5-4C0C-A624-43D6D1E446EF} = {C49BE542-5D20-4BF2-93CC-4B814F48A5DD}
		{6EAC5E72-40E4-4472-B731-DCD5DD4ECE0F} = {845C58EC-798D-43D8-999C-0426A90873A4}
		{991DBD14-8E7E-4F2B-8AA8-1EA0550BF193} = {6EAC5E72-40E4-4472-B731-DCD5DD4ECE0F}
		{376105FC-9052-45C5-860E-D9C8388360FD} = {845C58EC-798D-43D8-999C-0426A90873A4}
		{C87C4537-D672-4958-A52A-2A463EFB6872} = {376105FC-9052-45C5-860E-D9C8388360FD}
		{6CFE77C7-BE7A-4630-9111-DA824395561C} = {376105FC-9052-45C5-860E-D9C8388360FD}
		{BC806A33-D7E4-48C8-87EE-524A72217276} = {376105FC-9052-45C5-860E-D9C8388360FD}
		{BF95BB13-8ADB-41C8-BC0D-0B9829486CB2} = {376105FC-9052-45C5-860E-D9C8388360FD}
		{43BEC878-FD59-4DC5-BF94-2F52CBD1CCC0} = {376105FC-9052-45C5-860E-D9C8388360FD}
		{807CC7A0-D12D-4B82-867C-E5002FFD25C4} = {FB855579-E06A-4F46-8988-BE7B24FB7AC6}
		{69DF1F2A-68E9-449B-9BC4-4A192EF217D3} = {845C58EC-798D-43D8-999C-0426A90873A4}
		{9FF67D0D-4E39-43BD-B996-F27C1D37AFCF} = {69DF1F2A-68E9-449B-9BC4-4A192EF217D3}
		{02DEF361-C88F-420C-86EC-7E5E81CB1512} = {1BF41DC0-0762-4F2F-BB84-4C538BD35DFD}
	EndGlobalSection
	GlobalSection(ExtensibilityGlobals) = postSolution
		SolutionGuid = {1AA74CD6-2B6F-4DD6-938D-1C2F1685CC63}
	EndGlobalSection
EndGlobal
